
Microsoft Visual Studio Solution File, Format Version 12.00
# Visual Studio 2013
VisualStudioVersion = 12.0.30110.0
MinimumVisualStudioVersion = 10.0.40219.1
Project("{FAE04EC0-301F-11D3-BF4B-00C04F79EFBC}") = "BasicConfiguration", "BasicConfiguration\BasicConfiguration.csproj", "{E0E21B80-5E62-4D10-A454-5EA4D2B0024E}"
EndProject
Project("{FAE04EC0-301F-11D3-BF4B-00C04F79EFBC}") = "JSONOutputConfiguration", "JSONOutputConfiguration\JSONOutputConfiguration.csproj", "{194AC791-ACD7-4F12-8B0E-78BCD0F10258}"
EndProject
Project("{FAE04EC0-301F-11D3-BF4B-00C04F79EFBC}") = "SeqConfiguration", "SeqConfiguration\SeqConfiguration.csproj", "{343D84EB-A4BE-466D-8146-72C488C4601D}"
EndProject
Project("{FAE04EC0-301F-11D3-BF4B-00C04F79EFBC}") = "ElasticsearchConfiguration", "ElasticsearchConfiguration\ElasticsearchConfiguration.csproj", "{47204623-80A1-4B0F-B784-BC58FC32D8A0}"
EndProject
Project("{FAE04EC0-301F-11D3-BF4B-00C04F79EFBC}") = "WritingBetterMessages", "WritingBetterMessages\WritingBetterMessages.csproj", "{0C2CEE1C-5479-4E67-B855-24142968F0FC}"
EndProject
Project("{FAE04EC0-301F-11D3-BF4B-00C04F79EFBC}") = "WebApplicationExercise", "WebApplicationExercise\WebApplicationExercise.csproj", "{BC4F6CBF-EFD5-4880-BFFE-BF84C01F913F}"
EndProject
Project("{FAE04EC0-301F-11D3-BF4B-00C04F79EFBC}") = "RavenDBConfiguration", "RavenDBConfiguration\RavenDBConfiguration.csproj", "{3544F5BA-DFD0-4BD1-9B02-A3A237621701}"
EndProject
Global
	GlobalSection(SolutionConfigurationPlatforms) = preSolution
		Debug|Any CPU = Debug|Any CPU
		Release|Any CPU = Release|Any CPU
	EndGlobalSection
	GlobalSection(ProjectConfigurationPlatforms) = postSolution
		{E0E21B80-5E62-4D10-A454-5EA4D2B0024E}.Debug|Any CPU.ActiveCfg = Debug|Any CPU
		{E0E21B80-5E62-4D10-A454-5EA4D2B0024E}.Debug|Any CPU.Build.0 = Debug|Any CPU
		{E0E21B80-5E62-4D10-A454-5EA4D2B0024E}.Release|Any CPU.ActiveCfg = Release|Any CPU
		{E0E21B80-5E62-4D10-A454-5EA4D2B0024E}.Release|Any CPU.Build.0 = Release|Any CPU
		{194AC791-ACD7-4F12-8B0E-78BCD0F10258}.Debug|Any CPU.ActiveCfg = Debug|Any CPU
		{194AC791-ACD7-4F12-8B0E-78BCD0F10258}.Debug|Any CPU.Build.0 = Debug|Any CPU
		{194AC791-ACD7-4F12-8B0E-78BCD0F10258}.Release|Any CPU.ActiveCfg = Release|Any CPU
		{194AC791-ACD7-4F12-8B0E-78BCD0F10258}.Release|Any CPU.Build.0 = Release|Any CPU
		{343D84EB-A4BE-466D-8146-72C488C4601D}.Debug|Any CPU.ActiveCfg = Debug|Any CPU
		{343D84EB-A4BE-466D-8146-72C488C4601D}.Debug|Any CPU.Build.0 = Debug|Any CPU
		{343D84EB-A4BE-466D-8146-72C488C4601D}.Release|Any CPU.ActiveCfg = Release|Any CPU
		{343D84EB-A4BE-466D-8146-72C488C4601D}.Release|Any CPU.Build.0 = Release|Any CPU
		{47204623-80A1-4B0F-B784-BC58FC32D8A0}.Debug|Any CPU.ActiveCfg = Debug|Any CPU
		{47204623-80A1-4B0F-B784-BC58FC32D8A0}.Debug|Any CPU.Build.0 = Debug|Any CPU
		{47204623-80A1-4B0F-B784-BC58FC32D8A0}.Release|Any CPU.ActiveCfg = Release|Any CPU
		{47204623-80A1-4B0F-B784-BC58FC32D8A0}.Release|Any CPU.Build.0 = Release|Any CPU
		{0C2CEE1C-5479-4E67-B855-24142968F0FC}.Debug|Any CPU.ActiveCfg = Debug|Any CPU
		{0C2CEE1C-5479-4E67-B855-24142968F0FC}.Debug|Any CPU.Build.0 = Debug|Any CPU
		{0C2CEE1C-5479-4E67-B855-24142968F0FC}.Release|Any CPU.ActiveCfg = Release|Any CPU
		{0C2CEE1C-5479-4E67-B855-24142968F0FC}.Release|Any CPU.Build.0 = Release|Any CPU
		{BC4F6CBF-EFD5-4880-BFFE-BF84C01F913F}.Debug|Any CPU.ActiveCfg = Debug|Any CPU
		{BC4F6CBF-EFD5-4880-BFFE-BF84C01F913F}.Debug|Any CPU.Build.0 = Debug|Any CPU
		{BC4F6CBF-EFD5-4880-BFFE-BF84C01F913F}.Release|Any CPU.ActiveCfg = Release|Any CPU
		{BC4F6CBF-EFD5-4880-BFFE-BF84C01F913F}.Release|Any CPU.Build.0 = Release|Any CPU
		{3544F5BA-DFD0-4BD1-9B02-A3A237621701}.Debug|Any CPU.ActiveCfg = Debug|Any CPU
		{3544F5BA-DFD0-4BD1-9B02-A3A237621701}.Debug|Any CPU.Build.0 = Debug|Any CPU
		{3544F5BA-DFD0-4BD1-9B02-A3A237621701}.Release|Any CPU.ActiveCfg = Release|Any CPU
		{3544F5BA-DFD0-4BD1-9B02-A3A237621701}.Release|Any CPU.Build.0 = Release|Any CPU
	EndGlobalSection
	GlobalSection(SolutionProperties) = preSolution
		HideSolutionNode = FALSE
	EndGlobalSection
EndGlobal
